
Microsoft Visual Studio Solution File, Format Version 12.00
# Visual Studio Version 16
VisualStudioVersion = 16.0.29409.12
MinimumVisualStudioVersion = 10.0.40219.1
Project("{9A19103F-16F7-4668-BE54-9A1E7A4F7556}") = "EverStore", "EverStore\EverStore.csproj", "{1DF8D898-8D04-44A1-8205-6A6AD4680CA1}"
EndProject
Project("{FAE04EC0-301F-11D3-BF4B-00C04F79EFBC}") = "EverStore.Tests", "EverStore.Tests\EverStore.Tests.csproj", "{F21178C7-EBE0-4D63-93D9-C75BE734017B}"
EndProject
Project("{FAE04EC0-301F-11D3-BF4B-00C04F79EFBC}") = "EverStore.Integration.Tests", "EverStore.Integration.Tests\EverStore.Integration.Tests.csproj", "{E3AAD62D-6F38-44A2-A17E-F16F60401019}"
EndProject
Global
	GlobalSection(SolutionConfigurationPlatforms) = preSolution
		Debug|Any CPU = Debug|Any CPU
		Release|Any CPU = Release|Any CPU
	EndGlobalSection
	GlobalSection(ProjectConfigurationPlatforms) = postSolution
		{1DF8D898-8D04-44A1-8205-6A6AD4680CA1}.Debug|Any CPU.ActiveCfg = Debug|Any CPU
		{1DF8D898-8D04-44A1-8205-6A6AD4680CA1}.Debug|Any CPU.Build.0 = Debug|Any CPU
		{1DF8D898-8D04-44A1-8205-6A6AD4680CA1}.Release|Any CPU.ActiveCfg = Release|Any CPU
		{1DF8D898-8D04-44A1-8205-6A6AD4680CA1}.Release|Any CPU.Build.0 = Release|Any CPU
		{F21178C7-EBE0-4D63-93D9-C75BE734017B}.Debug|Any CPU.ActiveCfg = Debug|Any CPU
		{F21178C7-EBE0-4D63-93D9-C75BE734017B}.Debug|Any CPU.Build.0 = Debug|Any CPU
		{F21178C7-EBE0-4D63-93D9-C75BE734017B}.Release|Any CPU.ActiveCfg = Release|Any CPU
		{F21178C7-EBE0-4D63-93D9-C75BE734017B}.Release|Any CPU.Build.0 = Release|Any CPU
		{E3AAD62D-6F38-44A2-A17E-F16F60401019}.Debug|Any CPU.ActiveCfg = Debug|Any CPU
		{E3AAD62D-6F38-44A2-A17E-F16F60401019}.Debug|Any CPU.Build.0 = Debug|Any CPU
		{E3AAD62D-6F38-44A2-A17E-F16F60401019}.Release|Any CPU.ActiveCfg = Release|Any CPU
		{E3AAD62D-6F38-44A2-A17E-F16F60401019}.Release|Any CPU.Build.0 = Release|Any CPU
	EndGlobalSection
	GlobalSection(SolutionProperties) = preSolution
		HideSolutionNode = FALSE
	EndGlobalSection
	GlobalSection(ExtensibilityGlobals) = postSolution
		SolutionGuid = {79B2EC5C-D2EA-4E11-B030-65780497FBCE}
	EndGlobalSection
EndGlobal
